
Microsoft Visual Studio Solution File, Format Version 12.00
# Visual Studio Version 17
VisualStudioVersion = 17.4.33110.190
MinimumVisualStudioVersion = 10.0.40219.1
Project("{FAE04EC0-301F-11D3-BF4B-00C04F79EFBC}") = "CN-Together", "CN-Together\CN-Together.csproj", "{3A502312-533B-40AE-9F26-ACA70CD5484E}"
EndProject
Global
	GlobalSection(SolutionConfigurationPlatforms) = preSolution
		Debug|Any CPU = Debug|Any CPU
		Release|Any CPU = Release|Any CPU
	EndGlobalSection
	GlobalSection(ProjectConfigurationPlatforms) = postSolution
		{3A502312-533B-40AE-9F26-ACA70CD5484E}.Debug|Any CPU.ActiveCfg = Debug|Any CPU
		{3A502312-533B-40AE-9F26-ACA70CD5484E}.Debug|Any CPU.Build.0 = Debug|Any CPU
		{3A502312-533B-40AE-9F26-ACA70CD5484E}.Release|Any CPU.ActiveCfg = Release|Any CPU
		{3A502312-533B-40AE-9F26-ACA70CD5484E}.Release|Any CPU.Build.0 = Release|Any CPU
	EndGlobalSection
	GlobalSection(SolutionProperties) = preSolution
		HideSolutionNode = FALSE
	EndGlobalSection
	GlobalSection(ExtensibilityGlobals) = postSolution
		SolutionGuid = {A443F4F9-F145-4094-9D8B-92A105533892}
	EndGlobalSection
EndGlobal
